
Microsoft Visual Studio Solution File, Format Version 12.00
# Visual Studio 15
VisualStudioVersion = 15.0.28307.539
MinimumVisualStudioVersion = 10.0.40219.1
Project("{9A19103F-16F7-4668-BE54-9A1E7A4F7556}") = "MobileSuitcase.BackEnd", "MobileSuitcase.BackEnd\MobileSuitcase.BackEnd.csproj", "{9A53EC08-FE0F-4902-BB31-520E756DC806}"
EndProject
Project("{9A19103F-16F7-4668-BE54-9A1E7A4F7556}") = "MobileSuitcase.Entities", "MobileSuitcase.Entities\MobileSuitcase.Entities.csproj", "{B1BCBEFB-C752-44A5-878F-54D795284548}"
EndProject
Project("{2150E333-8FDC-42A3-9474-1A3956D46DE8}") = "UnitTests", "UnitTests", "{6D37B680-349F-4964-8E26-B743441D07F7}"
EndProject
Project("{FAE04EC0-301F-11D3-BF4B-00C04F79EFBC}") = "MobileSuitcase.EntitiesTests", "MobileSuitcase.EntitiesTests\MobileSuitcase.EntitiesTests.csproj", "{26ABFE75-4F2D-45D7-9575-23295D2A4C90}"
EndProject
Project("{FAE04EC0-301F-11D3-BF4B-00C04F79EFBC}") = "MobileSuitcase.BackendTests", "MobileSuitcase.BackendTests\MobileSuitcase.BackendTests.csproj", "{46D9D78E-2A3E-4C9E-BD25-1A7874A35821}"
EndProject
Global
	GlobalSection(SolutionConfigurationPlatforms) = preSolution
		Debug|Any CPU = Debug|Any CPU
		Release|Any CPU = Release|Any CPU
	EndGlobalSection
	GlobalSection(ProjectConfigurationPlatforms) = postSolution
		{9A53EC08-FE0F-4902-BB31-520E756DC806}.Debug|Any CPU.ActiveCfg = Debug|Any CPU
		{9A53EC08-FE0F-4902-BB31-520E756DC806}.Debug|Any CPU.Build.0 = Debug|Any CPU
		{9A53EC08-FE0F-4902-BB31-520E756DC806}.Release|Any CPU.ActiveCfg = Release|Any CPU
		{9A53EC08-FE0F-4902-BB31-520E756DC806}.Release|Any CPU.Build.0 = Release|Any CPU
		{B1BCBEFB-C752-44A5-878F-54D795284548}.Debug|Any CPU.ActiveCfg = Debug|Any CPU
		{B1BCBEFB-C752-44A5-878F-54D795284548}.Debug|Any CPU.Build.0 = Debug|Any CPU
		{B1BCBEFB-C752-44A5-878F-54D795284548}.Release|Any CPU.ActiveCfg = Release|Any CPU
		{B1BCBEFB-C752-44A5-878F-54D795284548}.Release|Any CPU.Build.0 = Release|Any CPU
		{26ABFE75-4F2D-45D7-9575-23295D2A4C90}.Debug|Any CPU.ActiveCfg = Debug|Any CPU
		{26ABFE75-4F2D-45D7-9575-23295D2A4C90}.Debug|Any CPU.Build.0 = Debug|Any CPU
		{26ABFE75-4F2D-45D7-9575-23295D2A4C90}.Release|Any CPU.ActiveCfg = Release|Any CPU
		{26ABFE75-4F2D-45D7-9575-23295D2A4C90}.Release|Any CPU.Build.0 = Release|Any CPU
		{46D9D78E-2A3E-4C9E-BD25-1A7874A35821}.Debug|Any CPU.ActiveCfg = Debug|Any CPU
		{46D9D78E-2A3E-4C9E-BD25-1A7874A35821}.Debug|Any CPU.Build.0 = Debug|Any CPU
		{46D9D78E-2A3E-4C9E-BD25-1A7874A35821}.Release|Any CPU.ActiveCfg = Release|Any CPU
		{46D9D78E-2A3E-4C9E-BD25-1A7874A35821}.Release|Any CPU.Build.0 = Release|Any CPU
	EndGlobalSection
	GlobalSection(SolutionProperties) = preSolution
		HideSolutionNode = FALSE
	EndGlobalSection
	GlobalSection(NestedProjects) = preSolution
		{26ABFE75-4F2D-45D7-9575-23295D2A4C90} = {6D37B680-349F-4964-8E26-B743441D07F7}
		{46D9D78E-2A3E-4C9E-BD25-1A7874A35821} = {6D37B680-349F-4964-8E26-B743441D07F7}
	EndGlobalSection
	GlobalSection(ExtensibilityGlobals) = postSolution
		SolutionGuid = {5B8A62AD-1023-4C89-86AE-37C077738B53}
	EndGlobalSection
EndGlobal
